
Microsoft Visual Studio Solution File, Format Version 12.00
# Visual Studio 14
VisualStudioVersion = 14.0.25123.0
MinimumVisualStudioVersion = 10.0.40219.1
Project("{FAE04EC0-301F-11D3-BF4B-00C04F79EFBC}") = "EasyIoC.Core", "EasyIoC.Core\EasyIoC.Core.csproj", "{03833DA3-1D68-437F-A4D4-5DDE8191DB1A}"
EndProject
Project("{FAE04EC0-301F-11D3-BF4B-00C04F79EFBC}") = "EasyIoC.Mvc", "EasyIoC.Mvc\EasyIoC.Mvc.csproj", "{0E4F7B88-C413-42E3-9B07-F7694728D596}"
EndProject
Project("{FAE04EC0-301F-11D3-BF4B-00C04F79EFBC}") = "EasyIoC.WebApi", "EasyIoC.WebApi\EasyIoC.WebApi.csproj", "{A7CE2CDE-331C-44E7-990E-8717D9B12225}"
EndProject
Project("{2150E333-8FDC-42A3-9474-1A3956D46DE8}") = "Tests", "Tests", "{4F3EB305-D5AA-4282-A09F-1C150047E222}"
EndProject
Project("{FAE04EC0-301F-11D3-BF4B-00C04F79EFBC}") = "EasyIoC.Mvc.Tests", "EasyIoC.Mvc.Tests\EasyIoC.Mvc.Tests.csproj", "{1F9C601D-B40F-4C34-AE50-8073FD6C11DD}"
EndProject
Project("{FAE04EC0-301F-11D3-BF4B-00C04F79EFBC}") = "EasyIoC.WebApi.Tests", "EasyIoC.WebApi.Tests\EasyIoC.WebApi.Tests.csproj", "{4D41F04E-310B-4DC3-A60F-CAD5A7153291}"
EndProject
Project("{FAE04EC0-301F-11D3-BF4B-00C04F79EFBC}") = "EasyIoC.Core.Tests", "EasyIoC.Core.Tests\EasyIoC.Core.Tests.csproj", "{2F5323DD-03AA-4C93-9FCA-41934952F46B}"
EndProject
Global
	GlobalSection(SolutionConfigurationPlatforms) = preSolution
		Debug|Any CPU = Debug|Any CPU
		Release|Any CPU = Release|Any CPU
	EndGlobalSection
	GlobalSection(ProjectConfigurationPlatforms) = postSolution
		{03833DA3-1D68-437F-A4D4-5DDE8191DB1A}.Debug|Any CPU.ActiveCfg = Debug|Any CPU
		{03833DA3-1D68-437F-A4D4-5DDE8191DB1A}.Debug|Any CPU.Build.0 = Debug|Any CPU
		{03833DA3-1D68-437F-A4D4-5DDE8191DB1A}.Release|Any CPU.ActiveCfg = Release|Any CPU
		{03833DA3-1D68-437F-A4D4-5DDE8191DB1A}.Release|Any CPU.Build.0 = Release|Any CPU
		{0E4F7B88-C413-42E3-9B07-F7694728D596}.Debug|Any CPU.ActiveCfg = Debug|Any CPU
		{0E4F7B88-C413-42E3-9B07-F7694728D596}.Debug|Any CPU.Build.0 = Debug|Any CPU
		{0E4F7B88-C413-42E3-9B07-F7694728D596}.Release|Any CPU.ActiveCfg = Release|Any CPU
		{0E4F7B88-C413-42E3-9B07-F7694728D596}.Release|Any CPU.Build.0 = Release|Any CPU
		{A7CE2CDE-331C-44E7-990E-8717D9B12225}.Debug|Any CPU.ActiveCfg = Debug|Any CPU
		{A7CE2CDE-331C-44E7-990E-8717D9B12225}.Debug|Any CPU.Build.0 = Debug|Any CPU
		{A7CE2CDE-331C-44E7-990E-8717D9B12225}.Release|Any CPU.ActiveCfg = Release|Any CPU
		{A7CE2CDE-331C-44E7-990E-8717D9B12225}.Release|Any CPU.Build.0 = Release|Any CPU
		{1F9C601D-B40F-4C34-AE50-8073FD6C11DD}.Debug|Any CPU.ActiveCfg = Debug|Any CPU
		{1F9C601D-B40F-4C34-AE50-8073FD6C11DD}.Debug|Any CPU.Build.0 = Debug|Any CPU
		{1F9C601D-B40F-4C34-AE50-8073FD6C11DD}.Release|Any CPU.ActiveCfg = Release|Any CPU
		{1F9C601D-B40F-4C34-AE50-8073FD6C11DD}.Release|Any CPU.Build.0 = Release|Any CPU
		{4D41F04E-310B-4DC3-A60F-CAD5A7153291}.Debug|Any CPU.ActiveCfg = Debug|Any CPU
		{4D41F04E-310B-4DC3-A60F-CAD5A7153291}.Debug|Any CPU.Build.0 = Debug|Any CPU
		{4D41F04E-310B-4DC3-A60F-CAD5A7153291}.Release|Any CPU.ActiveCfg = Release|Any CPU
		{4D41F04E-310B-4DC3-A60F-CAD5A7153291}.Release|Any CPU.Build.0 = Release|Any CPU
		{2F5323DD-03AA-4C93-9FCA-41934952F46B}.Debug|Any CPU.ActiveCfg = Debug|Any CPU
		{2F5323DD-03AA-4C93-9FCA-41934952F46B}.Debug|Any CPU.Build.0 = Debug|Any CPU
		{2F5323DD-03AA-4C93-9FCA-41934952F46B}.Release|Any CPU.ActiveCfg = Release|Any CPU
		{2F5323DD-03AA-4C93-9FCA-41934952F46B}.Release|Any CPU.Build.0 = Release|Any CPU
	EndGlobalSection
	GlobalSection(SolutionProperties) = preSolution
		HideSolutionNode = FALSE
	EndGlobalSection
	GlobalSection(NestedProjects) = preSolution
		{1F9C601D-B40F-4C34-AE50-8073FD6C11DD} = {4F3EB305-D5AA-4282-A09F-1C150047E222}
		{4D41F04E-310B-4DC3-A60F-CAD5A7153291} = {4F3EB305-D5AA-4282-A09F-1C150047E222}
		{2F5323DD-03AA-4C93-9FCA-41934952F46B} = {4F3EB305-D5AA-4282-A09F-1C150047E222}
	EndGlobalSection
EndGlobal
